
Microsoft Visual Studio Solution File, Format Version 12.00
# Visual Studio 14
VisualStudioVersion = 14.0.24720.0
MinimumVisualStudioVersion = 10.0.40219.1
Project("{E24C65DC-7377-472B-9ABA-BC803B73C61A}") = "HicomDOC", "..\HicomDOC", "{DF1857B4-FBA7-4D2B-8431-320CC6999BB2}"
	ProjectSection(WebsiteProperties) = preProject
		TargetFrameworkMoniker = ".NETFramework,Version%3Dv4.0"
		Debug.AspNetCompiler.VirtualPath = "/HicomDOC"
		Debug.AspNetCompiler.PhysicalPath = "..\HicomDOC\"
		Debug.AspNetCompiler.TargetPath = "..\PrecompiledWeb\HicomDOC\"
		Debug.AspNetCompiler.Updateable = "true"
		Debug.AspNetCompiler.ForceOverwrite = "true"
		Debug.AspNetCompiler.FixedNames = "false"
		Debug.AspNetCompiler.Debug = "True"
		Release.AspNetCompiler.VirtualPath = "/HicomDOC"
		Release.AspNetCompiler.PhysicalPath = "..\HicomDOC\"
		Release.AspNetCompiler.TargetPath = "..\PrecompiledWeb\HicomDOC\"
		Release.AspNetCompiler.Updateable = "true"
		Release.AspNetCompiler.ForceOverwrite = "true"
		Release.AspNetCompiler.FixedNames = "false"
		Release.AspNetCompiler.Debug = "False"
		VWDPort = "62599"
		SlnRelativePath = "..\HicomDOC\"
	EndProjectSection
EndProject
Global
	GlobalSection(SolutionConfigurationPlatforms) = preSolution
		Debug|.NET = Debug|.NET
		Debug|Any CPU = Debug|Any CPU
		Release|.NET = Release|.NET
		Release|Any CPU = Release|Any CPU
	EndGlobalSection
	GlobalSection(ProjectConfigurationPlatforms) = postSolution
		{DF1857B4-FBA7-4D2B-8431-320CC6999BB2}.Debug|.NET.ActiveCfg = Debug|Any CPU
		{DF1857B4-FBA7-4D2B-8431-320CC6999BB2}.Debug|.NET.Build.0 = Debug|Any CPU
		{DF1857B4-FBA7-4D2B-8431-320CC6999BB2}.Debug|Any CPU.ActiveCfg = Debug|Any CPU
		{DF1857B4-FBA7-4D2B-8431-320CC6999BB2}.Debug|Any CPU.Build.0 = Debug|Any CPU
		{DF1857B4-FBA7-4D2B-8431-320CC6999BB2}.Release|.NET.ActiveCfg = Debug|Any CPU
		{DF1857B4-FBA7-4D2B-8431-320CC6999BB2}.Release|.NET.Build.0 = Debug|Any CPU
		{DF1857B4-FBA7-4D2B-8431-320CC6999BB2}.Release|Any CPU.ActiveCfg = Debug|Any CPU
		{DF1857B4-FBA7-4D2B-8431-320CC6999BB2}.Release|Any CPU.Build.0 = Debug|Any CPU
	EndGlobalSection
	GlobalSection(SolutionProperties) = preSolution
		HideSolutionNode = FALSE
	EndGlobalSection
EndGlobal
